
Microsoft Visual Studio Solution File, Format Version 12.00
# Visual Studio 15
VisualStudioVersion = 15.0.27130.2010
MinimumVisualStudioVersion = 10.0.40219.1
Project("{8BC9CEB8-8B4A-11D0-8D11-00A0C91BC942}") = "LB", "LB\LB.vcxproj", "{34C2DFDF-CE4C-4ADF-A5C6-E03CB5DE4389}"
EndProject
Global
	GlobalSection(SolutionConfigurationPlatforms) = preSolution
		Debug|x64 = Debug|x64
		Release|x64 = Release|x64
	EndGlobalSection
	GlobalSection(ProjectConfigurationPlatforms) = postSolution
		{34C2DFDF-CE4C-4ADF-A5C6-E03CB5DE4389}.Debug|x64.ActiveCfg = Debug|x64
		{34C2DFDF-CE4C-4ADF-A5C6-E03CB5DE4389}.Debug|x64.Build.0 = Debug|x64
		{34C2DFDF-CE4C-4ADF-A5C6-E03CB5DE4389}.Release|x64.ActiveCfg = Release|x64
		{34C2DFDF-CE4C-4ADF-A5C6-E03CB5DE4389}.Release|x64.Build.0 = Release|x64
	EndGlobalSection
	GlobalSection(SolutionProperties) = preSolution
		HideSolutionNode = FALSE
	EndGlobalSection
	GlobalSection(ExtensibilityGlobals) = postSolution
		SolutionGuid = {7200E313-E5B8-46DE-B812-4DA72F4E473A}
	EndGlobalSection
EndGlobal
